// !$*UTF8*$!
{
	archiveVersion = 1;
	classes = {
	};
	objectVersion = 46;
	objects = {

/* Begin PBXBuildFile section */
		F482B9601B9CE856006E20DD /* AppDelegate.swift in Sources */ = {isa = PBXBuildFile; fileRef = F482B95F1B9CE856006E20DD /* AppDelegate.swift */; };
		F482B9621B9CE856006E20DD /* LoginViewController.swift in Sources */ = {isa = PBXBuildFile; fileRef = F482B9611B9CE856006E20DD /* LoginViewController.swift */; };
		F482B9651B9CE856006E20DD /* Main.storyboard in Resources */ = {isa = PBXBuildFile; fileRef = F482B9631B9CE856006E20DD /* Main.storyboard */; };
		F482B9671B9CE856006E20DD /* Images.xcassets in Resources */ = {isa = PBXBuildFile; fileRef = F482B9661B9CE856006E20DD /* Images.xcassets */; };
		F482B96A1B9CE856006E20DD /* LaunchScreen.xib in Resources */ = {isa = PBXBuildFile; fileRef = F482B9681B9CE856006E20DD /* LaunchScreen.xib */; };
		F482B9761B9CE857006E20DD /* On_the_MapTests.swift in Sources */ = {isa = PBXBuildFile; fileRef = F482B9751B9CE857006E20DD /* On_the_MapTests.swift */; };
		F4B741671B9DEE6A0042AEFD /* OnTheMapViewController.swift in Sources */ = {isa = PBXBuildFile; fileRef = F4B741661B9DEE6A0042AEFD /* OnTheMapViewController.swift */; };
		F4B741691B9DF0220042AEFD /* LoginClient.swift in Sources */ = {isa = PBXBuildFile; fileRef = F4B741681B9DF0220042AEFD /* LoginClient.swift */; };
		F4B7416B1B9DFDBA0042AEFD /* WebSignupViewController.swift in Sources */ = {isa = PBXBuildFile; fileRef = F4B7416A1B9DFDBA0042AEFD /* WebSignupViewController.swift */; };
		F4B7416F1BA100BF0042AEFD /* FBSDKCoreKit.framework in Frameworks */ = {isa = PBXBuildFile; fileRef = F4B7416D1BA100BF0042AEFD /* FBSDKCoreKit.framework */; };
		F4B741701BA100BF0042AEFD /* FBSDKLoginKit.framework in Frameworks */ = {isa = PBXBuildFile; fileRef = F4B7416E1BA100BF0042AEFD /* FBSDKLoginKit.framework */; };
		F4B741731BA1036F0042AEFD /* Bolts.framework in Frameworks */ = {isa = PBXBuildFile; fileRef = F4B741721BA1036F0042AEFD /* Bolts.framework */; };
		F4CC29F61BAE19200077AD95 /* ParseAPIClient.swift in Sources */ = {isa = PBXBuildFile; fileRef = F4CC29F51BAE19200077AD95 /* ParseAPIClient.swift */; };
		F4CC29F81BAE1B6A0077AD95 /* StudentInformationStruct.swift in Sources */ = {isa = PBXBuildFile; fileRef = F4CC29F71BAE1B6A0077AD95 /* StudentInformationStruct.swift */; };
/* End PBXBuildFile section */

/* Begin PBXContainerItemProxy section */
		F482B9701B9CE857006E20DD /* PBXContainerItemProxy */ = {
			isa = PBXContainerItemProxy;
			containerPortal = F482B9521B9CE856006E20DD /* Project object */;
			proxyType = 1;
			remoteGlobalIDString = F482B9591B9CE856006E20DD;
			remoteInfo = "On the Map";
		};
/* End PBXContainerItemProxy section */

/* Begin PBXFileReference section */
		F482B95A1B9CE856006E20DD /* On the Map.app */ = {isa = PBXFileReference; explicitFileType = wrapper.application; includeInIndex = 0; path = "On the Map.app"; sourceTree = BUILT_PRODUCTS_DIR; };
		F482B95E1B9CE856006E20DD /* Info.plist */ = {isa = PBXFileReference; lastKnownFileType = text.plist.xml; path = Info.plist; sourceTree = "<group>"; };
		F482B95F1B9CE856006E20DD /* AppDelegate.swift */ = {isa = PBXFileReference; lastKnownFileType = sourcecode.swift; path = AppDelegate.swift; sourceTree = "<group>"; };
		F482B9611B9CE856006E20DD /* LoginViewController.swift */ = {isa = PBXFileReference; lastKnownFileType = sourcecode.swift; path = LoginViewController.swift; sourceTree = "<group>"; };
		F482B9641B9CE856006E20DD /* Base */ = {isa = PBXFileReference; lastKnownFileType = file.storyboard; name = Base; path = Base.lproj/Main.storyboard; sourceTree = "<group>"; };
		F482B9661B9CE856006E20DD /* Images.xcassets */ = {isa = PBXFileReference; lastKnownFileType = folder.assetcatalog; path = Images.xcassets; sourceTree = "<group>"; };
		F482B9691B9CE856006E20DD /* Base */ = {isa = PBXFileReference; lastKnownFileType = file.xib; name = Base; path = Base.lproj/LaunchScreen.xib; sourceTree = "<group>"; };
		F482B96F1B9CE857006E20DD /* On the MapTests.xctest */ = {isa = PBXFileReference; explicitFileType = wrapper.cfbundle; includeInIndex = 0; path = "On the MapTests.xctest"; sourceTree = BUILT_PRODUCTS_DIR; };
		F482B9741B9CE857006E20DD /* Info.plist */ = {isa = PBXFileReference; lastKnownFileType = text.plist.xml; path = Info.plist; sourceTree = "<group>"; };
		F482B9751B9CE857006E20DD /* On_the_MapTests.swift */ = {isa = PBXFileReference; lastKnownFileType = sourcecode.swift; path = On_the_MapTests.swift; sourceTree = "<group>"; };
		F4B741661B9DEE6A0042AEFD /* OnTheMapViewController.swift */ = {isa = PBXFileReference; fileEncoding = 4; lastKnownFileType = sourcecode.swift; path = OnTheMapViewController.swift; sourceTree = "<group>"; };
		F4B741681B9DF0220042AEFD /* LoginClient.swift */ = {isa = PBXFileReference; fileEncoding = 4; lastKnownFileType = sourcecode.swift; path = LoginClient.swift; sourceTree = "<group>"; };
		F4B7416A1B9DFDBA0042AEFD /* WebSignupViewController.swift */ = {isa = PBXFileReference; fileEncoding = 4; lastKnownFileType = sourcecode.swift; path = WebSignupViewController.swift; sourceTree = "<group>"; };
		F4B7416D1BA100BF0042AEFD /* FBSDKCoreKit.framework */ = {isa = PBXFileReference; lastKnownFileType = wrapper.framework; path = FBSDKCoreKit.framework; sourceTree = "<group>"; };
		F4B7416E1BA100BF0042AEFD /* FBSDKLoginKit.framework */ = {isa = PBXFileReference; lastKnownFileType = wrapper.framework; path = FBSDKLoginKit.framework; sourceTree = "<group>"; };
		F4B741711BA1022E0042AEFD /* Bridging-Header.h */ = {isa = PBXFileReference; lastKnownFileType = sourcecode.c.h; name = "Bridging-Header.h"; path = "../Bridging-Header.h"; sourceTree = "<group>"; };
		F4B741721BA1036F0042AEFD /* Bolts.framework */ = {isa = PBXFileReference; lastKnownFileType = wrapper.framework; path = Bolts.framework; sourceTree = "<group>"; };
		F4CC29F51BAE19200077AD95 /* ParseAPIClient.swift */ = {isa = PBXFileReference; fileEncoding = 4; lastKnownFileType = sourcecode.swift; path = ParseAPIClient.swift; sourceTree = "<group>"; };
		F4CC29F71BAE1B6A0077AD95 /* StudentInformationStruct.swift */ = {isa = PBXFileReference; fileEncoding = 4; lastKnownFileType = sourcecode.swift; path = StudentInformationStruct.swift; sourceTree = "<group>"; };
/* End PBXFileReference section */

/* Begin PBXFrameworksBuildPhase section */
		F482B9571B9CE856006E20DD /* Frameworks */ = {
			isa = PBXFrameworksBuildPhase;
			buildActionMask = 2147483647;
			files = (
				F4B741731BA1036F0042AEFD /* Bolts.framework in Frameworks */,
				F4B741701BA100BF0042AEFD /* FBSDKLoginKit.framework in Frameworks */,
				F4B7416F1BA100BF0042AEFD /* FBSDKCoreKit.framework in Frameworks */,
			);
			runOnlyForDeploymentPostprocessing = 0;
		};
		F482B96C1B9CE857006E20DD /* Frameworks */ = {
			isa = PBXFrameworksBuildPhase;
			buildActionMask = 2147483647;
			files = (
			);
			runOnlyForDeploymentPostprocessing = 0;
		};
/* End PBXFrameworksBuildPhase section */

/* Begin PBXGroup section */
		F482B9511B9CE856006E20DD = {
			isa = PBXGroup;
			children = (
				F4B7416C1BA1008A0042AEFD /* Frameworks */,
				F482B95C1B9CE856006E20DD /* On the Map */,
				F482B9721B9CE857006E20DD /* On the MapTests */,
				F482B95B1B9CE856006E20DD /* Products */,
			);
			sourceTree = "<group>";
		};
		F482B95B1B9CE856006E20DD /* Products */ = {
			isa = PBXGroup;
			children = (
				F482B95A1B9CE856006E20DD /* On the Map.app */,
				F482B96F1B9CE857006E20DD /* On the MapTests.xctest */,
			);
			name = Products;
			sourceTree = "<group>";
		};
		F482B95C1B9CE856006E20DD /* On the Map */ = {
			isa = PBXGroup;
			children = (
				F4B741711BA1022E0042AEFD /* Bridging-Header.h */,
				F482B95F1B9CE856006E20DD /* AppDelegate.swift */,
				F482B9611B9CE856006E20DD /* LoginViewController.swift */,
				F482B9631B9CE856006E20DD /* Main.storyboard */,
				F4B741661B9DEE6A0042AEFD /* OnTheMapViewController.swift */,
				F482B9661B9CE856006E20DD /* Images.xcassets */,
				F482B9681B9CE856006E20DD /* LaunchScreen.xib */,
				F482B95D1B9CE856006E20DD /* Supporting Files */,
				F4B741681B9DF0220042AEFD /* LoginClient.swift */,
				F4B7416A1B9DFDBA0042AEFD /* WebSignupViewController.swift */,
				F4CC29F51BAE19200077AD95 /* ParseAPIClient.swift */,
				F4CC29F71BAE1B6A0077AD95 /* StudentInformationStruct.swift */,
			);
			path = "On the Map";
			sourceTree = "<group>";
		};
		F482B95D1B9CE856006E20DD /* Supporting Files */ = {
			isa = PBXGroup;
			children = (
				F482B95E1B9CE856006E20DD /* Info.plist */,
			);
			name = "Supporting Files";
			sourceTree = "<group>";
		};
		F482B9721B9CE857006E20DD /* On the MapTests */ = {
			isa = PBXGroup;
			children = (
				F482B9751B9CE857006E20DD /* On_the_MapTests.swift */,
				F482B9731B9CE857006E20DD /* Supporting Files */,
			);
			path = "On the MapTests";
			sourceTree = "<group>";
		};
		F482B9731B9CE857006E20DD /* Supporting Files */ = {
			isa = PBXGroup;
			children = (
				F482B9741B9CE857006E20DD /* Info.plist */,
			);
			name = "Supporting Files";
			sourceTree = "<group>";
		};
		F4B7416C1BA1008A0042AEFD /* Frameworks */ = {
			isa = PBXGroup;
			children = (
				F4B741721BA1036F0042AEFD /* Bolts.framework */,
				F4B7416D1BA100BF0042AEFD /* FBSDKCoreKit.framework */,
				F4B7416E1BA100BF0042AEFD /* FBSDKLoginKit.framework */,
			);
			name = Frameworks;
			sourceTree = "<group>";
		};
/* End PBXGroup section */

/* Begin PBXNativeTarget section */
		F482B9591B9CE856006E20DD /* On the Map */ = {
			isa = PBXNativeTarget;
			buildConfigurationList = F482B9791B9CE857006E20DD /* Build configuration list for PBXNativeTarget "On the Map" */;
			buildPhases = (
				F482B9561B9CE856006E20DD /* Sources */,
				F482B9571B9CE856006E20DD /* Frameworks */,
				F482B9581B9CE856006E20DD /* Resources */,
			);
			buildRules = (
			);
			dependencies = (
			);
			name = "On the Map";
			productName = "On the Map";
			productReference = F482B95A1B9CE856006E20DD /* On the Map.app */;
			productType = "com.apple.product-type.application";
		};
		F482B96E1B9CE857006E20DD /* On the MapTests */ = {
			isa = PBXNativeTarget;
			buildConfigurationList = F482B97C1B9CE857006E20DD /* Build configuration list for PBXNativeTarget "On the MapTests" */;
			buildPhases = (
				F482B96B1B9CE857006E20DD /* Sources */,
				F482B96C1B9CE857006E20DD /* Frameworks */,
				F482B96D1B9CE857006E20DD /* Resources */,
			);
			buildRules = (
			);
			dependencies = (
				F482B9711B9CE857006E20DD /* PBXTargetDependency */,
			);
			name = "On the MapTests";
			productName = "On the MapTests";
			productReference = F482B96F1B9CE857006E20DD /* On the MapTests.xctest */;
			productType = "com.apple.product-type.bundle.unit-test";
		};
/* End PBXNativeTarget section */

/* Begin PBXProject section */
		F482B9521B9CE856006E20DD /* Project object */ = {
			isa = PBXProject;
			attributes = {
				LastUpgradeCheck = 0640;
				ORGANIZATIONNAME = Joe;
				TargetAttributes = {
					F482B9591B9CE856006E20DD = {
						CreatedOnToolsVersion = 6.4;
					};
					F482B96E1B9CE857006E20DD = {
						CreatedOnToolsVersion = 6.4;
						TestTargetID = F482B9591B9CE856006E20DD;
					};
				};
			};
			buildConfigurationList = F482B9551B9CE856006E20DD /* Build configuration list for PBXProject "On the Map" */;
			compatibilityVersion = "Xcode 3.2";
			developmentRegion = English;
			hasScannedForEncodings = 0;
			knownRegions = (
				en,
				Base,
			);
			mainGroup = F482B9511B9CE856006E20DD;
			productRefGroup = F482B95B1B9CE856006E20DD /* Products */;
			projectDirPath = "";
			projectRoot = "";
			targets = (
				F482B9591B9CE856006E20DD /* On the Map */,
				F482B96E1B9CE857006E20DD /* On the MapTests */,
			);
		};
/* End PBXProject section */

/* Begin PBXResourcesBuildPhase section */
		F482B9581B9CE856006E20DD /* Resources */ = {
			isa = PBXResourcesBuildPhase;
			buildActionMask = 2147483647;
			files = (
				F482B9651B9CE856006E20DD /* Main.storyboard in Resources */,
				F482B96A1B9CE856006E20DD /* LaunchScreen.xib in Resources */,
				F482B9671B9CE856006E20DD /* Images.xcassets in Resources */,
			);
			runOnlyForDeploymentPostprocessing = 0;
		};
		F482B96D1B9CE857006E20DD /* Resources */ = {
			isa = PBXResourcesBuildPhase;
			buildActionMask = 2147483647;
			files = (
			);
			runOnlyForDeploymentPostprocessing = 0;
		};
/* End PBXResourcesBuildPhase section */

/* Begin PBXSourcesBuildPhase section */
		F482B9561B9CE856006E20DD /* Sources */ = {
			isa = PBXSourcesBuildPhase;
			buildActionMask = 2147483647;
			files = (
				F4B7416B1B9DFDBA0042AEFD /* WebSignupViewController.swift in Sources */,
				F4CC29F81BAE1B6A0077AD95 /* StudentInformationStruct.swift in Sources */,
				F4B741691B9DF0220042AEFD /* LoginClient.swift in Sources */,
				F4B741671B9DEE6A0042AEFD /* OnTheMapViewController.swift in Sources */,
				F482B9621B9CE856006E20DD /* LoginViewController.swift in Sources */,
				F482B9601B9CE856006E20DD /* AppDelegate.swift in Sources */,
				F4CC29F61BAE19200077AD95 /* ParseAPIClient.swift in Sources */,
			);
			runOnlyForDeploymentPostprocessing = 0;
		};
		F482B96B1B9CE857006E20DD /* Sources */ = {
			isa = PBXSourcesBuildPhase;
			buildActionMask = 2147483647;
			files = (
				F482B9761B9CE857006E20DD /* On_the_MapTests.swift in Sources */,
			);
			runOnlyForDeploymentPostprocessing = 0;
		};
/* End PBXSourcesBuildPhase section */

/* Begin PBXTargetDependency section */
		F482B9711B9CE857006E20DD /* PBXTargetDependency */ = {
			isa = PBXTargetDependency;
			target = F482B9591B9CE856006E20DD /* On the Map */;
			targetProxy = F482B9701B9CE857006E20DD /* PBXContainerItemProxy */;
		};
/* End PBXTargetDependency section */

/* Begin PBXVariantGroup section */
		F482B9631B9CE856006E20DD /* Main.storyboard */ = {
			isa = PBXVariantGroup;
			children = (
				F482B9641B9CE856006E20DD /* Base */,
			);
			name = Main.storyboard;
			sourceTree = "<group>";
		};
		F482B9681B9CE856006E20DD /* LaunchScreen.xib */ = {
			isa = PBXVariantGroup;
			children = (
				F482B9691B9CE856006E20DD /* Base */,
			);
			name = LaunchScreen.xib;
			sourceTree = "<group>";
		};
/* End PBXVariantGroup section */

/* Begin XCBuildConfiguration section */
		F482B9771B9CE857006E20DD /* Debug */ = {
			isa = XCBuildConfiguration;
			buildSettings = {
				ALWAYS_SEARCH_USER_PATHS = NO;
				CLANG_CXX_LANGUAGE_STANDARD = "gnu++0x";
				CLANG_CXX_LIBRARY = "libc++";
				CLANG_ENABLE_MODULES = YES;
				CLANG_ENABLE_OBJC_ARC = YES;
				CLANG_WARN_BOOL_CONVERSION = YES;
				CLANG_WARN_CONSTANT_CONVERSION = YES;
				CLANG_WARN_DIRECT_OBJC_ISA_USAGE = YES_ERROR;
				CLANG_WARN_EMPTY_BODY = YES;
				CLANG_WARN_ENUM_CONVERSION = YES;
				CLANG_WARN_INT_CONVERSION = YES;
				CLANG_WARN_OBJC_ROOT_CLASS = YES_ERROR;
				CLANG_WARN_UNREACHABLE_CODE = YES;
				CLANG_WARN__DUPLICATE_METHOD_MATCH = YES;
				"CODE_SIGN_IDENTITY[sdk=iphoneos*]" = "iPhone Developer";
				COPY_PHASE_STRIP = NO;
				DEBUG_INFORMATION_FORMAT = "dwarf-with-dsym";
				ENABLE_STRICT_OBJC_MSGSEND = YES;
				GCC_C_LANGUAGE_STANDARD = gnu99;
				GCC_DYNAMIC_NO_PIC = NO;
				GCC_NO_COMMON_BLOCKS = YES;
				GCC_OPTIMIZATION_LEVEL = 0;
				GCC_PREPROCESSOR_DEFINITIONS = (
					"DEBUG=1",
					"$(inherited)",
				);
				GCC_SYMBOLS_PRIVATE_EXTERN = NO;
				GCC_WARN_64_TO_32_BIT_CONVERSION = YES;
				GCC_WARN_ABOUT_RETURN_TYPE = YES_ERROR;
				GCC_WARN_UNDECLARED_SELECTOR = YES;
				GCC_WARN_UNINITIALIZED_AUTOS = YES_AGGRESSIVE;
				GCC_WARN_UNUSED_FUNCTION = YES;
				GCC_WARN_UNUSED_VARIABLE = YES;
				IPHONEOS_DEPLOYMENT_TARGET = 8.4;
				MTL_ENABLE_DEBUG_INFO = YES;
				ONLY_ACTIVE_ARCH = YES;
				SDKROOT = iphoneos;
				SWIFT_OPTIMIZATION_LEVEL = "-Onone";
			};
			name = Debug;
		};
		F482B9781B9CE857006E20DD /* Release */ = {
			isa = XCBuildConfiguration;
			buildSettings = {
				ALWAYS_SEARCH_USER_PATHS = NO;
				CLANG_CXX_LANGUAGE_STANDARD = "gnu++0x";
				CLANG_CXX_LIBRARY = "libc++";
				CLANG_ENABLE_MODULES = YES;
				CLANG_ENABLE_OBJC_ARC = YES;
				CLANG_WARN_BOOL_CONVERSION = YES;
				CLANG_WARN_CONSTANT_CONVERSION = YES;
				CLANG_WARN_DIRECT_OBJC_ISA_USAGE = YES_ERROR;
				CLANG_WARN_EMPTY_BODY = YES;
				CLANG_WARN_ENUM_CONVERSION = YES;
				CLANG_WARN_INT_CONVERSION = YES;
				CLANG_WARN_OBJC_ROOT_CLASS = YES_ERROR;
				CLANG_WARN_UNREACHABLE_CODE = YES;
				CLANG_WARN__DUPLICATE_METHOD_MATCH = YES;
				"CODE_SIGN_IDENTITY[sdk=iphoneos*]" = "iPhone Developer";
				COPY_PHASE_STRIP = NO;
				DEBUG_INFORMATION_FORMAT = "dwarf-with-dsym";
				ENABLE_NS_ASSERTIONS = NO;
				ENABLE_STRICT_OBJC_MSGSEND = YES;
				GCC_C_LANGUAGE_STANDARD = gnu99;
				GCC_NO_COMMON_BLOCKS = YES;
				GCC_WARN_64_TO_32_BIT_CONVERSION = YES;
				GCC_WARN_ABOUT_RETURN_TYPE = YES_ERROR;
				GCC_WARN_UNDECLARED_SELECTOR = YES;
				GCC_WARN_UNINITIALIZED_AUTOS = YES_AGGRESSIVE;
				GCC_WARN_UNUSED_FUNCTION = YES;
				GCC_WARN_UNUSED_VARIABLE = YES;
				IPHONEOS_DEPLOYMENT_TARGET = 8.4;
				MTL_ENABLE_DEBUG_INFO = NO;
				SDKROOT = iphoneos;
				VALIDATE_PRODUCT = YES;
			};
			name = Release;
		};
		F482B97A1B9CE857006E20DD /* Debug */ = {
			isa = XCBuildConfiguration;
			buildSettings = {
				ASSETCATALOG_COMPILER_APPICON_NAME = AppIcon;
				FRAMEWORK_SEARCH_PATHS = (
					"$(inherited)",
					"$(PROJECT_DIR)",
				);
				INFOPLIST_FILE = "On the Map/Info.plist";
				LD_RUNPATH_SEARCH_PATHS = "$(inherited) @executable_path/Frameworks";
				PRODUCT_NAME = "$(TARGET_NAME)";
				SWIFT_OBJC_BRIDGING_HEADER = "Bridging-Header.h";
			};
			name = Debug;
		};
		F482B97B1B9CE857006E20DD /* Release */ = {
			isa = XCBuildConfiguration;
			buildSettings = {
				ASSETCATALOG_COMPILER_APPICON_NAME = AppIcon;
				FRAMEWORK_SEARCH_PATHS = (
					"$(inherited)",
					"$(PROJECT_DIR)",
				);
				INFOPLIST_FILE = "On the Map/Info.plist";
				LD_RUNPATH_SEARCH_PATHS = "$(inherited) @executable_path/Frameworks";
				PRODUCT_NAME = "$(TARGET_NAME)";
				SWIFT_OBJC_BRIDGING_HEADER = "Bridging-Header.h";
			};
			name = Release;
		};
		F482B97D1B9CE857006E20DD /* Debug */ = {
			isa = XCBuildConfiguration;
			buildSettings = {
				BUNDLE_LOADER = "$(TEST_HOST)";
				FRAMEWORK_SEARCH_PATHS = (
					"$(SDKROOT)/Developer/Library/Frameworks",
					"$(inherited)",
				);
				GCC_PREPROCESSOR_DEFINITIONS = (
					"DEBUG=1",
					"$(inherited)",
				);
				INFOPLIST_FILE = "On the MapTests/Info.plist";
				LD_RUNPATH_SEARCH_PATHS = "$(inherited) @executable_path/Frameworks @loader_path/Frameworks";
				PRODUCT_NAME = "$(TARGET_NAME)";
				TEST_HOST = "$(BUILT_PRODUCTS_DIR)/On the Map.app/On the Map";
			};
			name = Debug;
		};
		F482B97E1B9CE857006E20DD /* Release */ = {
			isa = XCBuildConfiguration;
			buildSettings = {
				BUNDLE_LOADER = "$(TEST_HOST)";
				FRAMEWORK_SEARCH_PATHS = (
					"$(SDKROOT)/Developer/Library/Frameworks",
					"$(inherited)",
				);
				INFOPLIST_FILE = "On the MapTests/Info.plist";
				LD_RUNPATH_SEARCH_PATHS = "$(inherited) @executable_path/Frameworks @loader_path/Frameworks";
				PRODUCT_NAME = "$(TARGET_NAME)";
				TEST_HOST = "$(BUILT_PRODUCTS_DIR)/On the Map.app/On the Map";
			};
			name = Release;
		};
/* End XCBuildConfiguration section */

/* Begin XCConfigurationList section */
		F482B9551B9CE856006E20DD /* Build configuration list for PBXProject "On the Map" */ = {
			isa = XCConfigurationList;
			buildConfigurations = (
				F482B9771B9CE857006E20DD /* Debug */,
				F482B9781B9CE857006E20DD /* Release */,
			);
			defaultConfigurationIsVisible = 0;
			defaultConfigurationName = Release;
		};
		F482B9791B9CE857006E20DD /* Build configuration list for PBXNativeTarget "On the Map" */ = {
			isa = XCConfigurationList;
			buildConfigurations = (
				F482B97A1B9CE857006E20DD /* Debug */,
				F482B97B1B9CE857006E20DD /* Release */,
			);
			defaultConfigurationIsVisible = 0;
			defaultConfigurationName = Release;
		};
		F482B97C1B9CE857006E20DD /* Build configuration list for PBXNativeTarget "On the MapTests" */ = {
			isa = XCConfigurationList;
			buildConfigurations = (
				F482B97D1B9CE857006E20DD /* Debug */,
				F482B97E1B9CE857006E20DD /* Release */,
			);
			defaultConfigurationIsVisible = 0;
			defaultConfigurationName = Release;
		};
/* End XCConfigurationList section */
	};
	rootObject = F482B9521B9CE856006E20DD /* Project object */;
}
